
Microsoft Visual Studio Solution File, Format Version 12.00
# Visual Studio Version 17
VisualStudioVersion = 17.14.36429.23 d17.14
MinimumVisualStudioVersion = 10.0.40219.1
Project("{FAE04EC0-301F-11D3-BF4B-00C04F79EFBC}") = "Moonmax", "Moonmax.csproj", "{C9A5B096-06C8-457C-9E3E-DD7B1F0BB17E}"
EndProject
Global
	GlobalSection(SolutionConfigurationPlatforms) = preSolution
		Debug|Any CPU = Debug|Any CPU
		Release|Any CPU = Release|Any CPU
	EndGlobalSection
	GlobalSection(ProjectConfigurationPlatforms) = postSolution
		{C9A5B096-06C8-457C-9E3E-DD7B1F0BB17E}.Debug|Any CPU.ActiveCfg = Debug|Any CPU
		{C9A5B096-06C8-457C-9E3E-DD7B1F0BB17E}.Debug|Any CPU.Build.0 = Debug|Any CPU
		{C9A5B096-06C8-457C-9E3E-DD7B1F0BB17E}.Release|Any CPU.ActiveCfg = Release|Any CPU
		{C9A5B096-06C8-457C-9E3E-DD7B1F0BB17E}.Release|Any CPU.Build.0 = Release|Any CPU
	EndGlobalSection
	GlobalSection(SolutionProperties) = preSolution
		HideSolutionNode = FALSE
	EndGlobalSection
	GlobalSection(ExtensibilityGlobals) = postSolution
		SolutionGuid = {9693BAF5-BFFE-4E09-80DD-E60984F3B79B}
	EndGlobalSection
EndGlobal
